
Microsoft Visual Studio Solution File, Format Version 12.00
# Visual Studio Version 16
VisualStudioVersion = 16.0.29324.140
MinimumVisualStudioVersion = 10.0.40219.1
Project("{2150E333-8FDC-42A3-9474-1A3956D46DE8}") = "Service", "Service", "{18FC6384-518B-479A-9D32-1C6A81E16BCA}"
EndProject
Project("{2150E333-8FDC-42A3-9474-1A3956D46DE8}") = "Core", "Core", "{C8951566-6509-4EB4-9326-EF51214E7B11}"
EndProject
Project("{9A19103F-16F7-4668-BE54-9A1E7A4F7556}") = "Core.Cache", "Core\Core.Cache\Core.Cache.csproj", "{F923E2CA-F9E0-435B-B3FD-7CB3EEA5C57D}"
EndProject
Project("{9A19103F-16F7-4668-BE54-9A1E7A4F7556}") = "Core.Data", "Core\Core.Data\Core.Data.csproj", "{D1874D1A-332D-4059-A915-9C746C9F19B8}"
EndProject
Project("{9A19103F-16F7-4668-BE54-9A1E7A4F7556}") = "Core.Security", "Core\Core.Security\Core.Security.csproj", "{F94ADDD8-B1C4-4FAB-9DE0-8447FA5C356D}"
EndProject
Project("{9A19103F-16F7-4668-BE54-9A1E7A4F7556}") = "Core.Sms", "Core\Core.Sms\Core.Sms.csproj", "{1579818E-A91D-47A8-A6A0-09CBA15A72C6}"
EndProject
Project("{9A19103F-16F7-4668-BE54-9A1E7A4F7556}") = "Core.Util", "Core\Core.Util\Core.Util.csproj", "{ACC072ED-7188-4D08-BD25-8DC79C4DF235}"
EndProject
Project("{9A19103F-16F7-4668-BE54-9A1E7A4F7556}") = "LhsApi", "Service\LhsApi\LhsApi.csproj", "{42A978AB-ED66-4AC8-8B5F-878870C71867}"
EndProject
Project("{9A19103F-16F7-4668-BE54-9A1E7A4F7556}") = "Lhs.Service", "Service\Lhs.Service\Lhs.Service.csproj", "{BBC12FB5-FF73-4C7A-8B66-C118E536E987}"
EndProject
Project("{9A19103F-16F7-4668-BE54-9A1E7A4F7556}") = "Lhs.Interface", "Service\Lhs.Interface\Lhs.Interface.csproj", "{D0AEEE54-0894-400D-8F8C-E2809A817D13}"
EndProject
Project("{9A19103F-16F7-4668-BE54-9A1E7A4F7556}") = "Lhs.Entity", "Service\Lhs.Entity\Lhs.Entity.csproj", "{C6D3B30C-5480-480B-A082-BF7A8AF392C0}"
EndProject
Project("{9A19103F-16F7-4668-BE54-9A1E7A4F7556}") = "Lhs.Common", "Service\Lhs.Common\Lhs.Common.csproj", "{AAC88D9B-7986-4827-A2A7-29E4F5192B1D}"
EndProject
Project("{9A19103F-16F7-4668-BE54-9A1E7A4F7556}") = "Core.System", "Core\Core.System\Core.System.csproj", "{A7EB447C-8239-4584-89A5-3951D7AA9E44}"
EndProject
Project("{2150E333-8FDC-42A3-9474-1A3956D46DE8}") = "Solution Items", "Solution Items", "{CD92340C-BC60-455D-B3E9-80027A640537}"
	ProjectSection(SolutionItems) = preProject
		.editorconfig = .editorconfig
	EndProjectSection
EndProject
Project("{9A19103F-16F7-4668-BE54-9A1E7A4F7556}") = "Core.BaiDuAI", "Core\Core.BaiDuAI\Core.BaiDuAI.csproj", "{DB0FAF61-1366-4D09-91B1-B39D58796C67}"
EndProject
Project("{9A19103F-16F7-4668-BE54-9A1E7A4F7556}") = "ImageRunner", "ImageRunner\ImageRunner.csproj", "{919D472E-533F-4193-9CE3-2B0EADB8A3F4}"
EndProject
Project("{FAE04EC0-301F-11D3-BF4B-00C04F79EFBC}") = "MongoDB.Entity", "Service\MongoDB.Entity\MongoDB.Entity.csproj", "{2163CD81-39D6-4C86-BFC1-073425B5E4F8}"
EndProject
Project("{FAE04EC0-301F-11D3-BF4B-00C04F79EFBC}") = "MongoDB.Service", "Service\MongoDB.Service\MongoDB.Service.csproj", "{89CD1AE3-6020-4FAE-973C-AEE28946AC9C}"
EndProject
Global
	GlobalSection(SolutionConfigurationPlatforms) = preSolution
		Debug|Any CPU = Debug|Any CPU
		Release|Any CPU = Release|Any CPU
	EndGlobalSection
	GlobalSection(ProjectConfigurationPlatforms) = postSolution
		{F923E2CA-F9E0-435B-B3FD-7CB3EEA5C57D}.Debug|Any CPU.ActiveCfg = Debug|Any CPU
		{F923E2CA-F9E0-435B-B3FD-7CB3EEA5C57D}.Debug|Any CPU.Build.0 = Debug|Any CPU
		{F923E2CA-F9E0-435B-B3FD-7CB3EEA5C57D}.Release|Any CPU.ActiveCfg = Release|Any CPU
		{F923E2CA-F9E0-435B-B3FD-7CB3EEA5C57D}.Release|Any CPU.Build.0 = Release|Any CPU
		{D1874D1A-332D-4059-A915-9C746C9F19B8}.Debug|Any CPU.ActiveCfg = Debug|Any CPU
		{D1874D1A-332D-4059-A915-9C746C9F19B8}.Debug|Any CPU.Build.0 = Debug|Any CPU
		{D1874D1A-332D-4059-A915-9C746C9F19B8}.Release|Any CPU.ActiveCfg = Release|Any CPU
		{D1874D1A-332D-4059-A915-9C746C9F19B8}.Release|Any CPU.Build.0 = Release|Any CPU
		{F94ADDD8-B1C4-4FAB-9DE0-8447FA5C356D}.Debug|Any CPU.ActiveCfg = Debug|Any CPU
		{F94ADDD8-B1C4-4FAB-9DE0-8447FA5C356D}.Debug|Any CPU.Build.0 = Debug|Any CPU
		{F94ADDD8-B1C4-4FAB-9DE0-8447FA5C356D}.Release|Any CPU.ActiveCfg = Release|Any CPU
		{F94ADDD8-B1C4-4FAB-9DE0-8447FA5C356D}.Release|Any CPU.Build.0 = Release|Any CPU
		{1579818E-A91D-47A8-A6A0-09CBA15A72C6}.Debug|Any CPU.ActiveCfg = Debug|Any CPU
		{1579818E-A91D-47A8-A6A0-09CBA15A72C6}.Debug|Any CPU.Build.0 = Debug|Any CPU
		{1579818E-A91D-47A8-A6A0-09CBA15A72C6}.Release|Any CPU.ActiveCfg = Release|Any CPU
		{1579818E-A91D-47A8-A6A0-09CBA15A72C6}.Release|Any CPU.Build.0 = Release|Any CPU
		{ACC072ED-7188-4D08-BD25-8DC79C4DF235}.Debug|Any CPU.ActiveCfg = Debug|Any CPU
		{ACC072ED-7188-4D08-BD25-8DC79C4DF235}.Debug|Any CPU.Build.0 = Debug|Any CPU
		{ACC072ED-7188-4D08-BD25-8DC79C4DF235}.Release|Any CPU.ActiveCfg = Release|Any CPU
		{ACC072ED-7188-4D08-BD25-8DC79C4DF235}.Release|Any CPU.Build.0 = Release|Any CPU
		{42A978AB-ED66-4AC8-8B5F-878870C71867}.Debug|Any CPU.ActiveCfg = Debug|Any CPU
		{42A978AB-ED66-4AC8-8B5F-878870C71867}.Debug|Any CPU.Build.0 = Debug|Any CPU
		{42A978AB-ED66-4AC8-8B5F-878870C71867}.Release|Any CPU.ActiveCfg = Release|Any CPU
		{42A978AB-ED66-4AC8-8B5F-878870C71867}.Release|Any CPU.Build.0 = Release|Any CPU
		{BBC12FB5-FF73-4C7A-8B66-C118E536E987}.Debug|Any CPU.ActiveCfg = Debug|Any CPU
		{BBC12FB5-FF73-4C7A-8B66-C118E536E987}.Debug|Any CPU.Build.0 = Debug|Any CPU
		{BBC12FB5-FF73-4C7A-8B66-C118E536E987}.Release|Any CPU.ActiveCfg = Release|Any CPU
		{BBC12FB5-FF73-4C7A-8B66-C118E536E987}.Release|Any CPU.Build.0 = Release|Any CPU
		{D0AEEE54-0894-400D-8F8C-E2809A817D13}.Debug|Any CPU.ActiveCfg = Debug|Any CPU
		{D0AEEE54-0894-400D-8F8C-E2809A817D13}.Debug|Any CPU.Build.0 = Debug|Any CPU
		{D0AEEE54-0894-400D-8F8C-E2809A817D13}.Release|Any CPU.ActiveCfg = Release|Any CPU
		{D0AEEE54-0894-400D-8F8C-E2809A817D13}.Release|Any CPU.Build.0 = Release|Any CPU
		{C6D3B30C-5480-480B-A082-BF7A8AF392C0}.Debug|Any CPU.ActiveCfg = Debug|Any CPU
		{C6D3B30C-5480-480B-A082-BF7A8AF392C0}.Debug|Any CPU.Build.0 = Debug|Any CPU
		{C6D3B30C-5480-480B-A082-BF7A8AF392C0}.Release|Any CPU.ActiveCfg = Release|Any CPU
		{C6D3B30C-5480-480B-A082-BF7A8AF392C0}.Release|Any CPU.Build.0 = Release|Any CPU
		{AAC88D9B-7986-4827-A2A7-29E4F5192B1D}.Debug|Any CPU.ActiveCfg = Debug|Any CPU
		{AAC88D9B-7986-4827-A2A7-29E4F5192B1D}.Debug|Any CPU.Build.0 = Debug|Any CPU
		{AAC88D9B-7986-4827-A2A7-29E4F5192B1D}.Release|Any CPU.ActiveCfg = Release|Any CPU
		{AAC88D9B-7986-4827-A2A7-29E4F5192B1D}.Release|Any CPU.Build.0 = Release|Any CPU
		{A7EB447C-8239-4584-89A5-3951D7AA9E44}.Debug|Any CPU.ActiveCfg = Debug|Any CPU
		{A7EB447C-8239-4584-89A5-3951D7AA9E44}.Debug|Any CPU.Build.0 = Debug|Any CPU
		{A7EB447C-8239-4584-89A5-3951D7AA9E44}.Release|Any CPU.ActiveCfg = Release|Any CPU
		{A7EB447C-8239-4584-89A5-3951D7AA9E44}.Release|Any CPU.Build.0 = Release|Any CPU
		{DB0FAF61-1366-4D09-91B1-B39D58796C67}.Debug|Any CPU.ActiveCfg = Debug|Any CPU
		{DB0FAF61-1366-4D09-91B1-B39D58796C67}.Debug|Any CPU.Build.0 = Debug|Any CPU
		{DB0FAF61-1366-4D09-91B1-B39D58796C67}.Release|Any CPU.ActiveCfg = Release|Any CPU
		{DB0FAF61-1366-4D09-91B1-B39D58796C67}.Release|Any CPU.Build.0 = Release|Any CPU
		{919D472E-533F-4193-9CE3-2B0EADB8A3F4}.Debug|Any CPU.ActiveCfg = Debug|Any CPU
		{919D472E-533F-4193-9CE3-2B0EADB8A3F4}.Debug|Any CPU.Build.0 = Debug|Any CPU
		{919D472E-533F-4193-9CE3-2B0EADB8A3F4}.Release|Any CPU.ActiveCfg = Release|Any CPU
		{919D472E-533F-4193-9CE3-2B0EADB8A3F4}.Release|Any CPU.Build.0 = Release|Any CPU
		{2163CD81-39D6-4C86-BFC1-073425B5E4F8}.Debug|Any CPU.ActiveCfg = Debug|Any CPU
		{2163CD81-39D6-4C86-BFC1-073425B5E4F8}.Debug|Any CPU.Build.0 = Debug|Any CPU
		{2163CD81-39D6-4C86-BFC1-073425B5E4F8}.Release|Any CPU.ActiveCfg = Release|Any CPU
		{2163CD81-39D6-4C86-BFC1-073425B5E4F8}.Release|Any CPU.Build.0 = Release|Any CPU
		{89CD1AE3-6020-4FAE-973C-AEE28946AC9C}.Debug|Any CPU.ActiveCfg = Debug|Any CPU
		{89CD1AE3-6020-4FAE-973C-AEE28946AC9C}.Debug|Any CPU.Build.0 = Debug|Any CPU
		{89CD1AE3-6020-4FAE-973C-AEE28946AC9C}.Release|Any CPU.ActiveCfg = Release|Any CPU
		{89CD1AE3-6020-4FAE-973C-AEE28946AC9C}.Release|Any CPU.Build.0 = Release|Any CPU
	EndGlobalSection
	GlobalSection(SolutionProperties) = preSolution
		HideSolutionNode = FALSE
	EndGlobalSection
	GlobalSection(NestedProjects) = preSolution
		{F923E2CA-F9E0-435B-B3FD-7CB3EEA5C57D} = {C8951566-6509-4EB4-9326-EF51214E7B11}
		{D1874D1A-332D-4059-A915-9C746C9F19B8} = {C8951566-6509-4EB4-9326-EF51214E7B11}
		{F94ADDD8-B1C4-4FAB-9DE0-8447FA5C356D} = {C8951566-6509-4EB4-9326-EF51214E7B11}
		{1579818E-A91D-47A8-A6A0-09CBA15A72C6} = {C8951566-6509-4EB4-9326-EF51214E7B11}
		{ACC072ED-7188-4D08-BD25-8DC79C4DF235} = {C8951566-6509-4EB4-9326-EF51214E7B11}
		{42A978AB-ED66-4AC8-8B5F-878870C71867} = {CD92340C-BC60-455D-B3E9-80027A640537}
		{BBC12FB5-FF73-4C7A-8B66-C118E536E987} = {18FC6384-518B-479A-9D32-1C6A81E16BCA}
		{D0AEEE54-0894-400D-8F8C-E2809A817D13} = {18FC6384-518B-479A-9D32-1C6A81E16BCA}
		{C6D3B30C-5480-480B-A082-BF7A8AF392C0} = {18FC6384-518B-479A-9D32-1C6A81E16BCA}
		{AAC88D9B-7986-4827-A2A7-29E4F5192B1D} = {18FC6384-518B-479A-9D32-1C6A81E16BCA}
		{A7EB447C-8239-4584-89A5-3951D7AA9E44} = {C8951566-6509-4EB4-9326-EF51214E7B11}
		{DB0FAF61-1366-4D09-91B1-B39D58796C67} = {C8951566-6509-4EB4-9326-EF51214E7B11}
		{919D472E-533F-4193-9CE3-2B0EADB8A3F4} = {CD92340C-BC60-455D-B3E9-80027A640537}
		{2163CD81-39D6-4C86-BFC1-073425B5E4F8} = {18FC6384-518B-479A-9D32-1C6A81E16BCA}
		{89CD1AE3-6020-4FAE-973C-AEE28946AC9C} = {18FC6384-518B-479A-9D32-1C6A81E16BCA}
	EndGlobalSection
	GlobalSection(ExtensibilityGlobals) = postSolution
		SolutionGuid = {9E1460F9-EAAB-42A1-A4EA-1224F4675E97}
	EndGlobalSection
EndGlobal
